
Microsoft Visual Studio Solution File, Format Version 12.00
# Visual Studio Version 17
VisualStudioVersion = 17.0.32014.148
MinimumVisualStudioVersion = 10.0.40219.1
Project("{FAE04EC0-301F-11D3-BF4B-00C04F79EFBC}") = "IoT.AgentDevice", "IoT.AgentDevice\IoT.AgentDevice.csproj", "{E64A484F-2515-4683-AB7D-216825DA1870}"
EndProject
Project("{FAE04EC0-301F-11D3-BF4B-00C04F79EFBC}") = "IoT.MessageProcessor", "Iot.MessageProcessor\IoT.MessageProcessor\IoT.MessageProcessor.csproj", "{2D992345-0856-4665-BFFF-453F7A070C36}"
EndProject
Project("{FAE04EC0-301F-11D3-BF4B-00C04F79EFBC}") = "IoT.Common", "IoT.Common\IoT.Common\IoT.Common.csproj", "{5D64E29A-CC00-4E1A-89B9-4B4FED062834}"
EndProject
Global
	GlobalSection(SolutionConfigurationPlatforms) = preSolution
		Debug|Any CPU = Debug|Any CPU
		Release|Any CPU = Release|Any CPU
	EndGlobalSection
	GlobalSection(ProjectConfigurationPlatforms) = postSolution
		{E64A484F-2515-4683-AB7D-216825DA1870}.Debug|Any CPU.ActiveCfg = Debug|Any CPU
		{E64A484F-2515-4683-AB7D-216825DA1870}.Debug|Any CPU.Build.0 = Debug|Any CPU
		{E64A484F-2515-4683-AB7D-216825DA1870}.Release|Any CPU.ActiveCfg = Release|Any CPU
		{E64A484F-2515-4683-AB7D-216825DA1870}.Release|Any CPU.Build.0 = Release|Any CPU
		{2D992345-0856-4665-BFFF-453F7A070C36}.Debug|Any CPU.ActiveCfg = Debug|Any CPU
		{2D992345-0856-4665-BFFF-453F7A070C36}.Debug|Any CPU.Build.0 = Debug|Any CPU
		{2D992345-0856-4665-BFFF-453F7A070C36}.Release|Any CPU.ActiveCfg = Release|Any CPU
		{2D992345-0856-4665-BFFF-453F7A070C36}.Release|Any CPU.Build.0 = Release|Any CPU
		{5D64E29A-CC00-4E1A-89B9-4B4FED062834}.Debug|Any CPU.ActiveCfg = Debug|Any CPU
		{5D64E29A-CC00-4E1A-89B9-4B4FED062834}.Debug|Any CPU.Build.0 = Debug|Any CPU
		{5D64E29A-CC00-4E1A-89B9-4B4FED062834}.Release|Any CPU.ActiveCfg = Release|Any CPU
		{5D64E29A-CC00-4E1A-89B9-4B4FED062834}.Release|Any CPU.Build.0 = Release|Any CPU
	EndGlobalSection
	GlobalSection(SolutionProperties) = preSolution
		HideSolutionNode = FALSE
	EndGlobalSection
	GlobalSection(ExtensibilityGlobals) = postSolution
		SolutionGuid = {7F8A4238-EE6E-4F51-B96E-7F722E8E5C2F}
	EndGlobalSection
EndGlobal
